
Microsoft Visual Studio Solution File, Format Version 12.00
# Visual Studio Version 17
VisualStudioVersion = 17.2.32516.85
MinimumVisualStudioVersion = 10.0.40219.1
Project("{9A19103F-16F7-4668-BE54-9A1E7A4F7556}") = "PinkWpf", "PinkWpf\PinkWpf.csproj", "{2874B021-A3E2-47F3-99A7-79B6F289CB48}"
EndProject
Project("{FAE04EC0-301F-11D3-BF4B-00C04F79EFBC}") = "PinkWpf.Tests", "PinkWpf.Tests\PinkWpf.Tests.csproj", "{F18F0F2E-2F8B-4AB0-A2F7-7294DF5EBFF1}"
EndProject
Project("{FAE04EC0-301F-11D3-BF4B-00C04F79EFBC}") = "PinkWpf.Tests.NetFramework472", "PinkWpf.Tests.NetFramework472\PinkWpf.Tests.NetFramework472.csproj", "{7915F7BF-33E5-41E2-B986-9489F3FE7A01}"
EndProject
Global
	GlobalSection(SolutionConfigurationPlatforms) = preSolution
		Debug|Any CPU = Debug|Any CPU
		Release|Any CPU = Release|Any CPU
	EndGlobalSection
	GlobalSection(ProjectConfigurationPlatforms) = postSolution
		{2874B021-A3E2-47F3-99A7-79B6F289CB48}.Debug|Any CPU.ActiveCfg = Debug|Any CPU
		{2874B021-A3E2-47F3-99A7-79B6F289CB48}.Debug|Any CPU.Build.0 = Debug|Any CPU
		{2874B021-A3E2-47F3-99A7-79B6F289CB48}.Release|Any CPU.ActiveCfg = Release|Any CPU
		{2874B021-A3E2-47F3-99A7-79B6F289CB48}.Release|Any CPU.Build.0 = Release|Any CPU
		{F18F0F2E-2F8B-4AB0-A2F7-7294DF5EBFF1}.Debug|Any CPU.ActiveCfg = Debug|Any CPU
		{F18F0F2E-2F8B-4AB0-A2F7-7294DF5EBFF1}.Debug|Any CPU.Build.0 = Debug|Any CPU
		{F18F0F2E-2F8B-4AB0-A2F7-7294DF5EBFF1}.Release|Any CPU.ActiveCfg = Release|Any CPU
		{F18F0F2E-2F8B-4AB0-A2F7-7294DF5EBFF1}.Release|Any CPU.Build.0 = Release|Any CPU
		{7915F7BF-33E5-41E2-B986-9489F3FE7A01}.Debug|Any CPU.ActiveCfg = Debug|Any CPU
		{7915F7BF-33E5-41E2-B986-9489F3FE7A01}.Debug|Any CPU.Build.0 = Debug|Any CPU
		{7915F7BF-33E5-41E2-B986-9489F3FE7A01}.Release|Any CPU.ActiveCfg = Release|Any CPU
		{7915F7BF-33E5-41E2-B986-9489F3FE7A01}.Release|Any CPU.Build.0 = Release|Any CPU
	EndGlobalSection
	GlobalSection(SolutionProperties) = preSolution
		HideSolutionNode = FALSE
	EndGlobalSection
	GlobalSection(ExtensibilityGlobals) = postSolution
		SolutionGuid = {496265D5-93A5-4BA9-841B-2829AF1B49CF}
	EndGlobalSection
EndGlobal
